
Microsoft Visual Studio Solution File, Format Version 12.00
# Visual Studio Version 17
VisualStudioVersion = 17.11.35208.52
MinimumVisualStudioVersion = 10.0.40219.1
Project("{2150E333-8FDC-42A3-9474-1A3956D46DE8}") = "Projektmappenelemente", "Projektmappenelemente", "{64908227-CCCD-4E7D-9D47-4863E8333C85}"
	ProjectSection(SolutionItems) = preProject
		LICENSE = LICENSE
		README.md = README.md
	EndProjectSection
EndProject
Project("{2150E333-8FDC-42A3-9474-1A3956D46DE8}") = "ContentInloox11", "ContentInloox11", "{14E88AAC-355E-4B90-821D-B1720780BE20}"
EndProject
Project("{2150E333-8FDC-42A3-9474-1A3956D46DE8}") = "HelperInloox11", "HelperInloox11", "{42333D5D-793A-4F36-85BC-8D4A9DC450A9}"
EndProject
Project("{FAE04EC0-301F-11D3-BF4B-00C04F79EFBC}") = "ContentInloox11", "ContentInloox11\ContentInloox11.csproj", "{288CF7D3-59E5-4AAD-98F2-3A63059FD866}"
EndProject
Project("{FAE04EC0-301F-11D3-BF4B-00C04F79EFBC}") = "HelperInloox11", "HelperInloox11\HelperInloox11.csproj", "{1FAF17D0-19D7-476D-99BE-D286DD4B0576}"
EndProject
Project("{2150E333-8FDC-42A3-9474-1A3956D46DE8}") = "ConsoleApplicationExample", "ConsoleApplicationExample", "{C6D3A87A-4AE6-49BC-931F-02C111155AE6}"
EndProject
Project("{FAE04EC0-301F-11D3-BF4B-00C04F79EFBC}") = "ConsoleApplication", "ConsoleApplicationExample\ConsoleApplication.csproj", "{016CBFC7-1FE8-4F36-B276-5E47C3073E9A}"
EndProject
Global
	GlobalSection(SolutionConfigurationPlatforms) = preSolution
		Debug|Any CPU = Debug|Any CPU
		Release|Any CPU = Release|Any CPU
	EndGlobalSection
	GlobalSection(ProjectConfigurationPlatforms) = postSolution
		{288CF7D3-59E5-4AAD-98F2-3A63059FD866}.Debug|Any CPU.ActiveCfg = Debug|Any CPU
		{288CF7D3-59E5-4AAD-98F2-3A63059FD866}.Debug|Any CPU.Build.0 = Debug|Any CPU
		{288CF7D3-59E5-4AAD-98F2-3A63059FD866}.Release|Any CPU.ActiveCfg = Release|Any CPU
		{288CF7D3-59E5-4AAD-98F2-3A63059FD866}.Release|Any CPU.Build.0 = Release|Any CPU
		{1FAF17D0-19D7-476D-99BE-D286DD4B0576}.Debug|Any CPU.ActiveCfg = Debug|Any CPU
		{1FAF17D0-19D7-476D-99BE-D286DD4B0576}.Debug|Any CPU.Build.0 = Debug|Any CPU
		{1FAF17D0-19D7-476D-99BE-D286DD4B0576}.Release|Any CPU.ActiveCfg = Release|Any CPU
		{1FAF17D0-19D7-476D-99BE-D286DD4B0576}.Release|Any CPU.Build.0 = Release|Any CPU
		{016CBFC7-1FE8-4F36-B276-5E47C3073E9A}.Debug|Any CPU.ActiveCfg = Debug|Any CPU
		{016CBFC7-1FE8-4F36-B276-5E47C3073E9A}.Debug|Any CPU.Build.0 = Debug|Any CPU
		{016CBFC7-1FE8-4F36-B276-5E47C3073E9A}.Release|Any CPU.ActiveCfg = Release|Any CPU
		{016CBFC7-1FE8-4F36-B276-5E47C3073E9A}.Release|Any CPU.Build.0 = Release|Any CPU
	EndGlobalSection
	GlobalSection(SolutionProperties) = preSolution
		HideSolutionNode = FALSE
	EndGlobalSection
	GlobalSection(NestedProjects) = preSolution
		{14E88AAC-355E-4B90-821D-B1720780BE20} = {64908227-CCCD-4E7D-9D47-4863E8333C85}
		{42333D5D-793A-4F36-85BC-8D4A9DC450A9} = {64908227-CCCD-4E7D-9D47-4863E8333C85}
		{288CF7D3-59E5-4AAD-98F2-3A63059FD866} = {14E88AAC-355E-4B90-821D-B1720780BE20}
		{1FAF17D0-19D7-476D-99BE-D286DD4B0576} = {42333D5D-793A-4F36-85BC-8D4A9DC450A9}
		{C6D3A87A-4AE6-49BC-931F-02C111155AE6} = {64908227-CCCD-4E7D-9D47-4863E8333C85}
		{016CBFC7-1FE8-4F36-B276-5E47C3073E9A} = {C6D3A87A-4AE6-49BC-931F-02C111155AE6}
	EndGlobalSection
	GlobalSection(ExtensibilityGlobals) = postSolution
		SolutionGuid = {6DED9F69-0FC1-4C77-900F-26425AC20411}
	EndGlobalSection
EndGlobal
